// !$*UTF8*$!
{
	archiveVersion = 1;
	classes = {
	};
	objectVersion = 46;
	objects = {

/* Begin PBXBuildFile section */
		4B011D411D5709830026DD9F /* news1.mp4 in Resources */ = {isa = PBXBuildFile; fileRef = 4B011D401D5709830026DD9F /* news1.mp4 */; };
		4B011D451D5740A10026DD9F /* settingButton.png in Resources */ = {isa = PBXBuildFile; fileRef = 4B011D441D5740A10026DD9F /* settingButton.png */; };
		4B011D491D577D2E0026DD9F /* channelPlusButton.png in Resources */ = {isa = PBXBuildFile; fileRef = 4B011D481D577D2E0026DD9F /* channelPlusButton.png */; };
		4B011D4D1D57865F0026DD9F /* AddChannelViewController.swift in Sources */ = {isa = PBXBuildFile; fileRef = 4B011D4C1D57865F0026DD9F /* AddChannelViewController.swift */; };
		4B011D4F1D57FE9E0026DD9F /* shortcut_icon-02.png in Resources */ = {isa = PBXBuildFile; fileRef = 4B011D4E1D57FE9E0026DD9F /* shortcut_icon-02.png */; };
		4B011D541D58522F0026DD9F /* AddChannelTableCell.swift in Sources */ = {isa = PBXBuildFile; fileRef = 4B011D531D58522F0026DD9F /* AddChannelTableCell.swift */; };
		4B011D581D5870B20026DD9F /* channels.plist in Resources */ = {isa = PBXBuildFile; fileRef = 4B011D571D5870B20026DD9F /* channels.plist */; };
		4B011D5C1D5899700026DD9F /* back_return.png in Resources */ = {isa = PBXBuildFile; fileRef = 4B011D5B1D5899700026DD9F /* back_return.png */; };
		4B011D5E1D58E5AB0026DD9F /* fox.png in Resources */ = {isa = PBXBuildFile; fileRef = 4B011D5D1D58E5AB0026DD9F /* fox.png */; };
		4B011D621D5947530026DD9F /* ChannelIconView.swift in Sources */ = {isa = PBXBuildFile; fileRef = 4B011D611D5947530026DD9F /* ChannelIconView.swift */; };
		4B011D641D5994DB0026DD9F /* timeline.png in Resources */ = {isa = PBXBuildFile; fileRef = 4B011D631D5994DB0026DD9F /* timeline.png */; };
		4B011D661D59A83E0026DD9F /* tv.png in Resources */ = {isa = PBXBuildFile; fileRef = 4B011D651D59A83E0026DD9F /* tv.png */; };
		4B011D6A1D59AD390026DD9F /* akiba.png in Resources */ = {isa = PBXBuildFile; fileRef = 4B011D671D59AD390026DD9F /* akiba.png */; };
		4B011D6B1D59AD390026DD9F /* animax.png in Resources */ = {isa = PBXBuildFile; fileRef = 4B011D681D59AD390026DD9F /* animax.png */; };
		4B011D6C1D59AD390026DD9F /* annnews.png in Resources */ = {isa = PBXBuildFile; fileRef = 4B011D691D59AD390026DD9F /* annnews.png */; };
		4B011D6E1D59AD430026DD9F /* dance.png in Resources */ = {isa = PBXBuildFile; fileRef = 4B011D6D1D59AD430026DD9F /* dance.png */; };
		4B011D701D59AD4D0026DD9F /* nihoneiga.png in Resources */ = {isa = PBXBuildFile; fileRef = 4B011D6F1D59AD4D0026DD9F /* nihoneiga.png */; };
		4B011D721D59AD540026DD9F /* ziburi.png in Resources */ = {isa = PBXBuildFile; fileRef = 4B011D711D59AD540026DD9F /* ziburi.png */; };
		4B011D741D59BD6C0026DD9F /* ChannelTableViewCell.swift in Sources */ = {isa = PBXBuildFile; fileRef = 4B011D731D59BD6C0026DD9F /* ChannelTableViewCell.swift */; };
		4B011D761D59C0050026DD9F /* TimeLineTableViewCell.swift in Sources */ = {isa = PBXBuildFile; fileRef = 4B011D751D59C0050026DD9F /* TimeLineTableViewCell.swift */; };
		4B011D781D59EDA70026DD9F /* akiba.mp4 in Resources */ = {isa = PBXBuildFile; fileRef = 4B011D771D59EDA70026DD9F /* akiba.mp4 */; };
		4B011D7A1D59EDB20026DD9F /* fish.mp4 in Resources */ = {isa = PBXBuildFile; fileRef = 4B011D791D59EDB20026DD9F /* fish.mp4 */; };
		4B011D7C1D59EDCF0026DD9F /* ojyaru.mp4 in Resources */ = {isa = PBXBuildFile; fileRef = 4B011D7B1D59EDCF0026DD9F /* ojyaru.mp4 */; };
		4B011D7E1D59EDE90026DD9F /* syorin.mp4 in Resources */ = {isa = PBXBuildFile; fileRef = 4B011D7D1D59EDE90026DD9F /* syorin.mp4 */; };
		4B011D801D59F40D0026DD9F /* buta.mp4 in Resources */ = {isa = PBXBuildFile; fileRef = 4B011D7F1D59F40D0026DD9F /* buta.mp4 */; };
		4B011D821D59F4F10026DD9F /* anime.mp4 in Resources */ = {isa = PBXBuildFile; fileRef = 4B011D811D59F4F10026DD9F /* anime.mp4 */; };
		4B011D841D59F9640026DD9F /* ChannelManager.swift in Sources */ = {isa = PBXBuildFile; fileRef = 4B011D831D59F9640026DD9F /* ChannelManager.swift */; };
		4B8996CC1D545F8500A139E7 /* AppDelegate.swift in Sources */ = {isa = PBXBuildFile; fileRef = 4B8996CB1D545F8500A139E7 /* AppDelegate.swift */; };
		4B8996CE1D545F8500A139E7 /* ViewController.swift in Sources */ = {isa = PBXBuildFile; fileRef = 4B8996CD1D545F8500A139E7 /* ViewController.swift */; };
		4B8996D11D545F8500A139E7 /* Main.storyboard in Resources */ = {isa = PBXBuildFile; fileRef = 4B8996CF1D545F8500A139E7 /* Main.storyboard */; };
		4B8996D31D545F8500A139E7 /* Assets.xcassets in Resources */ = {isa = PBXBuildFile; fileRef = 4B8996D21D545F8500A139E7 /* Assets.xcassets */; };
		4B8996D61D545F8500A139E7 /* LaunchScreen.storyboard in Resources */ = {isa = PBXBuildFile; fileRef = 4B8996D41D545F8500A139E7 /* LaunchScreen.storyboard */; };
		4B8996DE1D54637000A139E7 /* ChannelInfo.swift in Sources */ = {isa = PBXBuildFile; fileRef = 4B8996DD1D54637000A139E7 /* ChannelInfo.swift */; };
		4B8996E01D54664500A139E7 /* ProgramInfo.swift in Sources */ = {isa = PBXBuildFile; fileRef = 4B8996DF1D54664500A139E7 /* ProgramInfo.swift */; };
		4B8996E21D546CE800A139E7 /* AVPlayerView.swift in Sources */ = {isa = PBXBuildFile; fileRef = 4B8996E11D546CE800A139E7 /* AVPlayerView.swift */; };
		4B8996E91D547A5600A139E7 /* TVViewController.swift in Sources */ = {isa = PBXBuildFile; fileRef = 4B8996E81D547A5600A139E7 /* TVViewController.swift */; };
		4B8996EB1D547A6200A139E7 /* ListViewController.swift in Sources */ = {isa = PBXBuildFile; fileRef = 4B8996EA1D547A6200A139E7 /* ListViewController.swift */; };
		4B8996ED1D547AB200A139E7 /* TimeLineViewController.swift in Sources */ = {isa = PBXBuildFile; fileRef = 4B8996EC1D547AB200A139E7 /* TimeLineViewController.swift */; };
		4B8B7E061D54D4A900EE7D9D /* background.jpg in Resources */ = {isa = PBXBuildFile; fileRef = 4B8B7E051D54D4A900EE7D9D /* background.jpg */; };
		975AD933078BDB37323FE390 /* Pods_ChannelCutMonster.framework in Frameworks */ = {isa = PBXBuildFile; fileRef = 8B4E8F37B6CEC92E2D03B28E /* Pods_ChannelCutMonster.framework */; };
/* End PBXBuildFile section */

/* Begin PBXFileReference section */
		4B011D401D5709830026DD9F /* news1.mp4 */ = {isa = PBXFileReference; lastKnownFileType = file; path = news1.mp4; sourceTree = "<group>"; };
		4B011D441D5740A10026DD9F /* settingButton.png */ = {isa = PBXFileReference; lastKnownFileType = image.png; path = settingButton.png; sourceTree = "<group>"; };
		4B011D481D577D2E0026DD9F /* channelPlusButton.png */ = {isa = PBXFileReference; lastKnownFileType = image.png; path = channelPlusButton.png; sourceTree = "<group>"; };
		4B011D4C1D57865F0026DD9F /* AddChannelViewController.swift */ = {isa = PBXFileReference; fileEncoding = 4; lastKnownFileType = sourcecode.swift; path = AddChannelViewController.swift; sourceTree = "<group>"; };
		4B011D4E1D57FE9E0026DD9F /* shortcut_icon-02.png */ = {isa = PBXFileReference; lastKnownFileType = image.png; path = "shortcut_icon-02.png"; sourceTree = "<group>"; };
		4B011D531D58522F0026DD9F /* AddChannelTableCell.swift */ = {isa = PBXFileReference; fileEncoding = 4; lastKnownFileType = sourcecode.swift; path = AddChannelTableCell.swift; sourceTree = "<group>"; };
		4B011D571D5870B20026DD9F /* channels.plist */ = {isa = PBXFileReference; fileEncoding = 4; lastKnownFileType = text.plist.xml; path = channels.plist; sourceTree = "<group>"; };
		4B011D5B1D5899700026DD9F /* back_return.png */ = {isa = PBXFileReference; lastKnownFileType = image.png; path = back_return.png; sourceTree = "<group>"; };
		4B011D5D1D58E5AB0026DD9F /* fox.png */ = {isa = PBXFileReference; lastKnownFileType = image.png; path = fox.png; sourceTree = "<group>"; };
		4B011D611D5947530026DD9F /* ChannelIconView.swift */ = {isa = PBXFileReference; fileEncoding = 4; lastKnownFileType = sourcecode.swift; path = ChannelIconView.swift; sourceTree = "<group>"; };
		4B011D631D5994DB0026DD9F /* timeline.png */ = {isa = PBXFileReference; lastKnownFileType = image.png; path = timeline.png; sourceTree = "<group>"; };
		4B011D651D59A83E0026DD9F /* tv.png */ = {isa = PBXFileReference; lastKnownFileType = image.png; path = tv.png; sourceTree = "<group>"; };
		4B011D671D59AD390026DD9F /* akiba.png */ = {isa = PBXFileReference; lastKnownFileType = image.png; path = akiba.png; sourceTree = "<group>"; };
		4B011D681D59AD390026DD9F /* animax.png */ = {isa = PBXFileReference; lastKnownFileType = image.png; path = animax.png; sourceTree = "<group>"; };
		4B011D691D59AD390026DD9F /* annnews.png */ = {isa = PBXFileReference; lastKnownFileType = image.png; path = annnews.png; sourceTree = "<group>"; };
		4B011D6D1D59AD430026DD9F /* dance.png */ = {isa = PBXFileReference; lastKnownFileType = image.png; path = dance.png; sourceTree = "<group>"; };
		4B011D6F1D59AD4D0026DD9F /* nihoneiga.png */ = {isa = PBXFileReference; lastKnownFileType = image.png; path = nihoneiga.png; sourceTree = "<group>"; };
		4B011D711D59AD540026DD9F /* ziburi.png */ = {isa = PBXFileReference; lastKnownFileType = image.png; path = ziburi.png; sourceTree = "<group>"; };
		4B011D731D59BD6C0026DD9F /* ChannelTableViewCell.swift */ = {isa = PBXFileReference; fileEncoding = 4; lastKnownFileType = sourcecode.swift; path = ChannelTableViewCell.swift; sourceTree = "<group>"; };
		4B011D751D59C0050026DD9F /* TimeLineTableViewCell.swift */ = {isa = PBXFileReference; fileEncoding = 4; lastKnownFileType = sourcecode.swift; path = TimeLineTableViewCell.swift; sourceTree = "<group>"; };
		4B011D771D59EDA70026DD9F /* akiba.mp4 */ = {isa = PBXFileReference; lastKnownFileType = file; path = akiba.mp4; sourceTree = "<group>"; };
		4B011D791D59EDB20026DD9F /* fish.mp4 */ = {isa = PBXFileReference; lastKnownFileType = file; path = fish.mp4; sourceTree = "<group>"; };
		4B011D7B1D59EDCF0026DD9F /* ojyaru.mp4 */ = {isa = PBXFileReference; lastKnownFileType = file; path = ojyaru.mp4; sourceTree = "<group>"; };
		4B011D7D1D59EDE90026DD9F /* syorin.mp4 */ = {isa = PBXFileReference; lastKnownFileType = file; path = syorin.mp4; sourceTree = "<group>"; };
		4B011D7F1D59F40D0026DD9F /* buta.mp4 */ = {isa = PBXFileReference; lastKnownFileType = file; path = buta.mp4; sourceTree = "<group>"; };
		4B011D811D59F4F10026DD9F /* anime.mp4 */ = {isa = PBXFileReference; lastKnownFileType = file; path = anime.mp4; sourceTree = "<group>"; };
		4B011D831D59F9640026DD9F /* ChannelManager.swift */ = {isa = PBXFileReference; fileEncoding = 4; lastKnownFileType = sourcecode.swift; path = ChannelManager.swift; sourceTree = "<group>"; };
		4B8996C81D545F8500A139E7 /* ChannelCutMonster.app */ = {isa = PBXFileReference; explicitFileType = wrapper.application; includeInIndex = 0; path = ChannelCutMonster.app; sourceTree = BUILT_PRODUCTS_DIR; };
		4B8996CB1D545F8500A139E7 /* AppDelegate.swift */ = {isa = PBXFileReference; lastKnownFileType = sourcecode.swift; path = AppDelegate.swift; sourceTree = "<group>"; };
		4B8996CD1D545F8500A139E7 /* ViewController.swift */ = {isa = PBXFileReference; lastKnownFileType = sourcecode.swift; path = ViewController.swift; sourceTree = "<group>"; };
		4B8996D01D545F8500A139E7 /* Base */ = {isa = PBXFileReference; lastKnownFileType = file.storyboard; name = Base; path = Base.lproj/Main.storyboard; sourceTree = "<group>"; };
		4B8996D21D545F8500A139E7 /* Assets.xcassets */ = {isa = PBXFileReference; lastKnownFileType = folder.assetcatalog; path = Assets.xcassets; sourceTree = "<group>"; };
		4B8996D51D545F8500A139E7 /* Base */ = {isa = PBXFileReference; lastKnownFileType = file.storyboard; name = Base; path = Base.lproj/LaunchScreen.storyboard; sourceTree = "<group>"; };
		4B8996D71D545F8500A139E7 /* Info.plist */ = {isa = PBXFileReference; lastKnownFileType = text.plist.xml; path = Info.plist; sourceTree = "<group>"; };
		4B8996DD1D54637000A139E7 /* ChannelInfo.swift */ = {isa = PBXFileReference; fileEncoding = 4; lastKnownFileType = sourcecode.swift; path = ChannelInfo.swift; sourceTree = "<group>"; };
		4B8996DF1D54664500A139E7 /* ProgramInfo.swift */ = {isa = PBXFileReference; fileEncoding = 4; lastKnownFileType = sourcecode.swift; path = ProgramInfo.swift; sourceTree = "<group>"; };
		4B8996E11D546CE800A139E7 /* AVPlayerView.swift */ = {isa = PBXFileReference; fileEncoding = 4; lastKnownFileType = sourcecode.swift; path = AVPlayerView.swift; sourceTree = "<group>"; };
		4B8996E81D547A5600A139E7 /* TVViewController.swift */ = {isa = PBXFileReference; fileEncoding = 4; lastKnownFileType = sourcecode.swift; path = TVViewController.swift; sourceTree = "<group>"; };
		4B8996EA1D547A6200A139E7 /* ListViewController.swift */ = {isa = PBXFileReference; fileEncoding = 4; lastKnownFileType = sourcecode.swift; path = ListViewController.swift; sourceTree = "<group>"; };
		4B8996EC1D547AB200A139E7 /* TimeLineViewController.swift */ = {isa = PBXFileReference; fileEncoding = 4; lastKnownFileType = sourcecode.swift; path = TimeLineViewController.swift; sourceTree = "<group>"; };
		4B8B7E051D54D4A900EE7D9D /* background.jpg */ = {isa = PBXFileReference; lastKnownFileType = image.jpeg; path = background.jpg; sourceTree = "<group>"; };
		8B4E8F37B6CEC92E2D03B28E /* Pods_ChannelCutMonster.framework */ = {isa = PBXFileReference; explicitFileType = wrapper.framework; includeInIndex = 0; path = Pods_ChannelCutMonster.framework; sourceTree = BUILT_PRODUCTS_DIR; };
		9ABCE17A9A6243C9831AC1D6 /* Pods-ChannelCutMonster.release.xcconfig */ = {isa = PBXFileReference; includeInIndex = 1; lastKnownFileType = text.xcconfig; name = "Pods-ChannelCutMonster.release.xcconfig"; path = "Pods/Target Support Files/Pods-ChannelCutMonster/Pods-ChannelCutMonster.release.xcconfig"; sourceTree = "<group>"; };
		B78E12C79145D906F992445C /* Pods-ChannelCutMonster.debug.xcconfig */ = {isa = PBXFileReference; includeInIndex = 1; lastKnownFileType = text.xcconfig; name = "Pods-ChannelCutMonster.debug.xcconfig"; path = "Pods/Target Support Files/Pods-ChannelCutMonster/Pods-ChannelCutMonster.debug.xcconfig"; sourceTree = "<group>"; };
/* End PBXFileReference section */

/* Begin PBXFrameworksBuildPhase section */
		4B8996C51D545F8500A139E7 /* Frameworks */ = {
			isa = PBXFrameworksBuildPhase;
			buildActionMask = 2147483647;
			files = (
				975AD933078BDB37323FE390 /* Pods_ChannelCutMonster.framework in Frameworks */,
			);
			runOnlyForDeploymentPostprocessing = 0;
		};
/* End PBXFrameworksBuildPhase section */

/* Begin PBXGroup section */
		4B011D4A1D57817D0026DD9F /* Programs */ = {
			isa = PBXGroup;
			children = (
			);
			name = Programs;
			sourceTree = "<group>";
		};
		4B011D4B1D57818B0026DD9F /* Channels */ = {
			isa = PBXGroup;
			children = (
			);
			name = Channels;
			sourceTree = "<group>";
		};
		4B011D521D584C2F0026DD9F /* CustomSegue */ = {
			isa = PBXGroup;
			children = (
			);
			name = CustomSegue;
			sourceTree = "<group>";
		};
		4B8996BF1D545F8500A139E7 = {
			isa = PBXGroup;
			children = (
				4B8996CA1D545F8500A139E7 /* ChannelCutMonster */,
				4B8996C91D545F8500A139E7 /* Products */,
				6EB41501FBC0CE36BBE7763E /* Pods */,
				79291229630C7970858D9272 /* Frameworks */,
			);
			sourceTree = "<group>";
		};
		4B8996C91D545F8500A139E7 /* Products */ = {
			isa = PBXGroup;
			children = (
				4B8996C81D545F8500A139E7 /* ChannelCutMonster.app */,
			);
			name = Products;
			sourceTree = "<group>";
		};
		4B8996CA1D545F8500A139E7 /* ChannelCutMonster */ = {
			isa = PBXGroup;
			children = (
				4B8996CB1D545F8500A139E7 /* AppDelegate.swift */,
				4B8B7E041D54D4A900EE7D9D /* Resources */,
				4B8996E51D5476B600A139E7 /* CustomViews */,
				4B8996E41D54768D00A139E7 /* Models */,
				4B8996E31D54767200A139E7 /* Controllers */,
				4B011D521D584C2F0026DD9F /* CustomSegue */,
				4B8996CF1D545F8500A139E7 /* Main.storyboard */,
				4B8996D21D545F8500A139E7 /* Assets.xcassets */,
				4B8996D41D545F8500A139E7 /* LaunchScreen.storyboard */,
				4B8996D71D545F8500A139E7 /* Info.plist */,
			);
			path = ChannelCutMonster;
			sourceTree = "<group>";
		};
		4B8996E31D54767200A139E7 /* Controllers */ = {
			isa = PBXGroup;
			children = (
				4B8996CD1D545F8500A139E7 /* ViewController.swift */,
				4B8996E81D547A5600A139E7 /* TVViewController.swift */,
				4B8996EA1D547A6200A139E7 /* ListViewController.swift */,
				4B8996EC1D547AB200A139E7 /* TimeLineViewController.swift */,
				4B011D4C1D57865F0026DD9F /* AddChannelViewController.swift */,
			);
			name = Controllers;
			sourceTree = "<group>";
		};
		4B8996E41D54768D00A139E7 /* Models */ = {
			isa = PBXGroup;
			children = (
				4B8996DD1D54637000A139E7 /* ChannelInfo.swift */,
				4B8996DF1D54664500A139E7 /* ProgramInfo.swift */,
				4B011D831D59F9640026DD9F /* ChannelManager.swift */,
			);
			name = Models;
			sourceTree = "<group>";
		};
		4B8996E51D5476B600A139E7 /* CustomViews */ = {
			isa = PBXGroup;
			children = (
				4B8996E11D546CE800A139E7 /* AVPlayerView.swift */,
				4B011D611D5947530026DD9F /* ChannelIconView.swift */,
				4B011D531D58522F0026DD9F /* AddChannelTableCell.swift */,
				4B011D731D59BD6C0026DD9F /* ChannelTableViewCell.swift */,
				4B011D751D59C0050026DD9F /* TimeLineTableViewCell.swift */,
			);
			name = CustomViews;
			sourceTree = "<group>";
		};
		4B8B7E041D54D4A900EE7D9D /* Resources */ = {
			isa = PBXGroup;
			children = (
				4B011D811D59F4F10026DD9F /* anime.mp4 */,
				4B011D7F1D59F40D0026DD9F /* buta.mp4 */,
				4B011D7D1D59EDE90026DD9F /* syorin.mp4 */,
				4B011D7B1D59EDCF0026DD9F /* ojyaru.mp4 */,
				4B011D791D59EDB20026DD9F /* fish.mp4 */,
				4B011D771D59EDA70026DD9F /* akiba.mp4 */,
				4B011D711D59AD540026DD9F /* ziburi.png */,
				4B011D6F1D59AD4D0026DD9F /* nihoneiga.png */,
				4B011D6D1D59AD430026DD9F /* dance.png */,
				4B011D671D59AD390026DD9F /* akiba.png */,
				4B011D681D59AD390026DD9F /* animax.png */,
				4B011D691D59AD390026DD9F /* annnews.png */,
				4B011D651D59A83E0026DD9F /* tv.png */,
				4B011D631D5994DB0026DD9F /* timeline.png */,
				4B011D5D1D58E5AB0026DD9F /* fox.png */,
				4B011D5B1D5899700026DD9F /* back_return.png */,
				4B011D571D5870B20026DD9F /* channels.plist */,
				4B011D4E1D57FE9E0026DD9F /* shortcut_icon-02.png */,
				4B011D4B1D57818B0026DD9F /* Channels */,
				4B011D4A1D57817D0026DD9F /* Programs */,
				4B011D481D577D2E0026DD9F /* channelPlusButton.png */,
				4B011D441D5740A10026DD9F /* settingButton.png */,
				4B011D401D5709830026DD9F /* news1.mp4 */,
				4B8B7E051D54D4A900EE7D9D /* background.jpg */,
			);
			path = Resources;
			sourceTree = "<group>";
		};
		6EB41501FBC0CE36BBE7763E /* Pods */ = {
			isa = PBXGroup;
			children = (
				B78E12C79145D906F992445C /* Pods-ChannelCutMonster.debug.xcconfig */,
				9ABCE17A9A6243C9831AC1D6 /* Pods-ChannelCutMonster.release.xcconfig */,
			);
			name = Pods;
			sourceTree = "<group>";
		};
		79291229630C7970858D9272 /* Frameworks */ = {
			isa = PBXGroup;
			children = (
				8B4E8F37B6CEC92E2D03B28E /* Pods_ChannelCutMonster.framework */,
			);
			name = Frameworks;
			sourceTree = "<group>";
		};
/* End PBXGroup section */

/* Begin PBXNativeTarget section */
		4B8996C71D545F8500A139E7 /* ChannelCutMonster */ = {
			isa = PBXNativeTarget;
			buildConfigurationList = 4B8996DA1D545F8500A139E7 /* Build configuration list for PBXNativeTarget "ChannelCutMonster" */;
			buildPhases = (
				2F58D3B021DEFDEE045EEE65 /* [CP] Check Pods Manifest.lock */,
				4B8996C41D545F8500A139E7 /* Sources */,
				4B8996C51D545F8500A139E7 /* Frameworks */,
				4B8996C61D545F8500A139E7 /* Resources */,
				889D9F5CEEEE7DBC14CBFBB6 /* [CP] Embed Pods Frameworks */,
				6D530354726FCD540CE846FE /* [CP] Copy Pods Resources */,
			);
			buildRules = (
			);
			dependencies = (
			);
			name = ChannelCutMonster;
			productName = ChannelCutMonster;
			productReference = 4B8996C81D545F8500A139E7 /* ChannelCutMonster.app */;
			productType = "com.apple.product-type.application";
		};
/* End PBXNativeTarget section */

/* Begin PBXProject section */
		4B8996C01D545F8500A139E7 /* Project object */ = {
			isa = PBXProject;
			attributes = {
				LastSwiftUpdateCheck = 0730;
				LastUpgradeCheck = 0730;
				ORGANIZATIONNAME = KajiharaYuma;
				TargetAttributes = {
					4B8996C71D545F8500A139E7 = {
						CreatedOnToolsVersion = 7.3;
						DevelopmentTeam = WQ89SDXZJ7;
					};
				};
			};
			buildConfigurationList = 4B8996C31D545F8500A139E7 /* Build configuration list for PBXProject "ChannelCutMonster" */;
			compatibilityVersion = "Xcode 3.2";
			developmentRegion = English;
			hasScannedForEncodings = 0;
			knownRegions = (
				en,
				Base,
			);
			mainGroup = 4B8996BF1D545F8500A139E7;
			productRefGroup = 4B8996C91D545F8500A139E7 /* Products */;
			projectDirPath = "";
			projectRoot = "";
			targets = (
				4B8996C71D545F8500A139E7 /* ChannelCutMonster */,
			);
		};
/* End PBXProject section */

/* Begin PBXResourcesBuildPhase section */
		4B8996C61D545F8500A139E7 /* Resources */ = {
			isa = PBXResourcesBuildPhase;
			buildActionMask = 2147483647;
			files = (
				4B011D661D59A83E0026DD9F /* tv.png in Resources */,
				4B011D641D5994DB0026DD9F /* timeline.png in Resources */,
				4B011D6B1D59AD390026DD9F /* animax.png in Resources */,
				4B011D411D5709830026DD9F /* news1.mp4 in Resources */,
				4B011D491D577D2E0026DD9F /* channelPlusButton.png in Resources */,
				4B011D721D59AD540026DD9F /* ziburi.png in Resources */,
				4B011D4F1D57FE9E0026DD9F /* shortcut_icon-02.png in Resources */,
				4B011D5E1D58E5AB0026DD9F /* fox.png in Resources */,
				4B011D581D5870B20026DD9F /* channels.plist in Resources */,
				4B011D7C1D59EDCF0026DD9F /* ojyaru.mp4 in Resources */,
				4B011D7E1D59EDE90026DD9F /* syorin.mp4 in Resources */,
				4B011D6C1D59AD390026DD9F /* annnews.png in Resources */,
				4B011D6E1D59AD430026DD9F /* dance.png in Resources */,
				4B011D821D59F4F10026DD9F /* anime.mp4 in Resources */,
				4B8996D61D545F8500A139E7 /* LaunchScreen.storyboard in Resources */,
				4B011D6A1D59AD390026DD9F /* akiba.png in Resources */,
				4B8B7E061D54D4A900EE7D9D /* background.jpg in Resources */,
				4B8996D31D545F8500A139E7 /* Assets.xcassets in Resources */,
				4B011D701D59AD4D0026DD9F /* nihoneiga.png in Resources */,
				4B011D781D59EDA70026DD9F /* akiba.mp4 in Resources */,
				4B011D801D59F40D0026DD9F /* buta.mp4 in Resources */,
				4B011D5C1D5899700026DD9F /* back_return.png in Resources */,
				4B011D451D5740A10026DD9F /* settingButton.png in Resources */,
				4B011D7A1D59EDB20026DD9F /* fish.mp4 in Resources */,
				4B8996D11D545F8500A139E7 /* Main.storyboard in Resources */,
			);
			runOnlyForDeploymentPostprocessing = 0;
		};
/* End PBXResourcesBuildPhase section */

/* Begin PBXShellScriptBuildPhase section */
		2F58D3B021DEFDEE045EEE65 /* [CP] Check Pods Manifest.lock */ = {
			isa = PBXShellScriptBuildPhase;
			buildActionMask = 2147483647;
			files = (
			);
			inputPaths = (
			);
			name = "[CP] Check Pods Manifest.lock";
			outputPaths = (
			);
			runOnlyForDeploymentPostprocessing = 0;
			shellPath = /bin/sh;
			shellScript = "diff \"${PODS_ROOT}/../Podfile.lock\" \"${PODS_ROOT}/Manifest.lock\" > /dev/null\nif [[ $? != 0 ]] ; then\n    cat << EOM\nerror: The sandbox is not in sync with the Podfile.lock. Run 'pod install' or update your CocoaPods installation.\nEOM\n    exit 1\nfi\n";
			showEnvVarsInLog = 0;
		};
		6D530354726FCD540CE846FE /* [CP] Copy Pods Resources */ = {
			isa = PBXShellScriptBuildPhase;
			buildActionMask = 2147483647;
			files = (
			);
			inputPaths = (
			);
			name = "[CP] Copy Pods Resources";
			outputPaths = (
			);
			runOnlyForDeploymentPostprocessing = 0;
			shellPath = /bin/sh;
			shellScript = "\"${SRCROOT}/Pods/Target Support Files/Pods-ChannelCutMonster/Pods-ChannelCutMonster-resources.sh\"\n";
			showEnvVarsInLog = 0;
		};
		889D9F5CEEEE7DBC14CBFBB6 /* [CP] Embed Pods Frameworks */ = {
			isa = PBXShellScriptBuildPhase;
			buildActionMask = 2147483647;
			files = (
			);
			inputPaths = (
			);
			name = "[CP] Embed Pods Frameworks";
			outputPaths = (
			);
			runOnlyForDeploymentPostprocessing = 0;
			shellPath = /bin/sh;
			shellScript = "\"${SRCROOT}/Pods/Target Support Files/Pods-ChannelCutMonster/Pods-ChannelCutMonster-frameworks.sh\"\n";
			showEnvVarsInLog = 0;
		};
/* End PBXShellScriptBuildPhase section */

/* Begin PBXSourcesBuildPhase section */
		4B8996C41D545F8500A139E7 /* Sources */ = {
			isa = PBXSourcesBuildPhase;
			buildActionMask = 2147483647;
			files = (
				4B8996E91D547A5600A139E7 /* TVViewController.swift in Sources */,
				4B8996E01D54664500A139E7 /* ProgramInfo.swift in Sources */,
				4B011D761D59C0050026DD9F /* TimeLineTableViewCell.swift in Sources */,
				4B8996CE1D545F8500A139E7 /* ViewController.swift in Sources */,
				4B8996DE1D54637000A139E7 /* ChannelInfo.swift in Sources */,
				4B011D841D59F9640026DD9F /* ChannelManager.swift in Sources */,
				4B011D621D5947530026DD9F /* ChannelIconView.swift in Sources */,
				4B011D741D59BD6C0026DD9F /* ChannelTableViewCell.swift in Sources */,
				4B011D541D58522F0026DD9F /* AddChannelTableCell.swift in Sources */,
				4B8996CC1D545F8500A139E7 /* AppDelegate.swift in Sources */,
				4B8996EB1D547A6200A139E7 /* ListViewController.swift in Sources */,
				4B8996E21D546CE800A139E7 /* AVPlayerView.swift in Sources */,
				4B011D4D1D57865F0026DD9F /* AddChannelViewController.swift in Sources */,
				4B8996ED1D547AB200A139E7 /* TimeLineViewController.swift in Sources */,
			);
			runOnlyForDeploymentPostprocessing = 0;
		};
/* End PBXSourcesBuildPhase section */

/* Begin PBXVariantGroup section */
		4B8996CF1D545F8500A139E7 /* Main.storyboard */ = {
			isa = PBXVariantGroup;
			children = (
				4B8996D01D545F8500A139E7 /* Base */,
			);
			name = Main.storyboard;
			sourceTree = "<group>";
		};
		4B8996D41D545F8500A139E7 /* LaunchScreen.storyboard */ = {
			isa = PBXVariantGroup;
			children = (
				4B8996D51D545F8500A139E7 /* Base */,
			);
			name = LaunchScreen.storyboard;
			sourceTree = "<group>";
		};
/* End PBXVariantGroup section */

/* Begin XCBuildConfiguration section */
		4B8996D81D545F8500A139E7 /* Debug */ = {
			isa = XCBuildConfiguration;
			buildSettings = {
				ALWAYS_SEARCH_USER_PATHS = NO;
				CLANG_ANALYZER_NONNULL = YES;
				CLANG_CXX_LANGUAGE_STANDARD = "gnu++0x";
				CLANG_CXX_LIBRARY = "libc++";
				CLANG_ENABLE_MODULES = YES;
				CLANG_ENABLE_OBJC_ARC = YES;
				CLANG_WARN_BOOL_CONVERSION = YES;
				CLANG_WARN_CONSTANT_CONVERSION = YES;
				CLANG_WARN_DIRECT_OBJC_ISA_USAGE = YES_ERROR;
				CLANG_WARN_EMPTY_BODY = YES;
				CLANG_WARN_ENUM_CONVERSION = YES;
				CLANG_WARN_INT_CONVERSION = YES;
				CLANG_WARN_OBJC_ROOT_CLASS = YES_ERROR;
				CLANG_WARN_UNREACHABLE_CODE = YES;
				CLANG_WARN__DUPLICATE_METHOD_MATCH = YES;
				"CODE_SIGN_IDENTITY[sdk=iphoneos*]" = "iPhone Developer";
				COPY_PHASE_STRIP = NO;
				DEBUG_INFORMATION_FORMAT = dwarf;
				ENABLE_STRICT_OBJC_MSGSEND = YES;
				ENABLE_TESTABILITY = YES;
				GCC_C_LANGUAGE_STANDARD = gnu99;
				GCC_DYNAMIC_NO_PIC = NO;
				GCC_NO_COMMON_BLOCKS = YES;
				GCC_OPTIMIZATION_LEVEL = 0;
				GCC_PREPROCESSOR_DEFINITIONS = (
					"DEBUG=1",
					"$(inherited)",
				);
				GCC_WARN_64_TO_32_BIT_CONVERSION = YES;
				GCC_WARN_ABOUT_RETURN_TYPE = YES_ERROR;
				GCC_WARN_UNDECLARED_SELECTOR = YES;
				GCC_WARN_UNINITIALIZED_AUTOS = YES_AGGRESSIVE;
				GCC_WARN_UNUSED_FUNCTION = YES;
				GCC_WARN_UNUSED_VARIABLE = YES;
				IPHONEOS_DEPLOYMENT_TARGET = 9.3;
				MTL_ENABLE_DEBUG_INFO = YES;
				ONLY_ACTIVE_ARCH = YES;
				SDKROOT = iphoneos;
				SWIFT_OPTIMIZATION_LEVEL = "-Onone";
			};
			name = Debug;
		};
		4B8996D91D545F8500A139E7 /* Release */ = {
			isa = XCBuildConfiguration;
			buildSettings = {
				ALWAYS_SEARCH_USER_PATHS = NO;
				CLANG_ANALYZER_NONNULL = YES;
				CLANG_CXX_LANGUAGE_STANDARD = "gnu++0x";
				CLANG_CXX_LIBRARY = "libc++";
				CLANG_ENABLE_MODULES = YES;
				CLANG_ENABLE_OBJC_ARC = YES;
				CLANG_WARN_BOOL_CONVERSION = YES;
				CLANG_WARN_CONSTANT_CONVERSION = YES;
				CLANG_WARN_DIRECT_OBJC_ISA_USAGE = YES_ERROR;
				CLANG_WARN_EMPTY_BODY = YES;
				CLANG_WARN_ENUM_CONVERSION = YES;
				CLANG_WARN_INT_CONVERSION = YES;
				CLANG_WARN_OBJC_ROOT_CLASS = YES_ERROR;
				CLANG_WARN_UNREACHABLE_CODE = YES;
				CLANG_WARN__DUPLICATE_METHOD_MATCH = YES;
				"CODE_SIGN_IDENTITY[sdk=iphoneos*]" = "iPhone Developer";
				COPY_PHASE_STRIP = NO;
				DEBUG_INFORMATION_FORMAT = "dwarf-with-dsym";
				ENABLE_NS_ASSERTIONS = NO;
				ENABLE_STRICT_OBJC_MSGSEND = YES;
				GCC_C_LANGUAGE_STANDARD = gnu99;
				GCC_NO_COMMON_BLOCKS = YES;
				GCC_WARN_64_TO_32_BIT_CONVERSION = YES;
				GCC_WARN_ABOUT_RETURN_TYPE = YES_ERROR;
				GCC_WARN_UNDECLARED_SELECTOR = YES;
				GCC_WARN_UNINITIALIZED_AUTOS = YES_AGGRESSIVE;
				GCC_WARN_UNUSED_FUNCTION = YES;
				GCC_WARN_UNUSED_VARIABLE = YES;
				IPHONEOS_DEPLOYMENT_TARGET = 9.3;
				MTL_ENABLE_DEBUG_INFO = NO;
				SDKROOT = iphoneos;
				VALIDATE_PRODUCT = YES;
			};
			name = Release;
		};
		4B8996DB1D545F8500A139E7 /* Debug */ = {
			isa = XCBuildConfiguration;
			baseConfigurationReference = B78E12C79145D906F992445C /* Pods-ChannelCutMonster.debug.xcconfig */;
			buildSettings = {
				ASSETCATALOG_COMPILER_APPICON_NAME = AppIcon;
				CODE_SIGN_IDENTITY = "iPhone Developer";
				"CODE_SIGN_IDENTITY[sdk=iphoneos*]" = "iPhone Developer";
				INFOPLIST_FILE = ChannelCutMonster/Info.plist;
				LD_RUNPATH_SEARCH_PATHS = "$(inherited) @executable_path/Frameworks";
				PRODUCT_BUNDLE_IDENTIFIER = com.yuma.ChannelCutMonster;
				PRODUCT_NAME = "$(TARGET_NAME)";
				PROVISIONING_PROFILE = "";
			};
			name = Debug;
		};
		4B8996DC1D545F8500A139E7 /* Release */ = {
			isa = XCBuildConfiguration;
			baseConfigurationReference = 9ABCE17A9A6243C9831AC1D6 /* Pods-ChannelCutMonster.release.xcconfig */;
			buildSettings = {
				ASSETCATALOG_COMPILER_APPICON_NAME = AppIcon;
				CODE_SIGN_IDENTITY = "iPhone Developer";
				"CODE_SIGN_IDENTITY[sdk=iphoneos*]" = "iPhone Developer";
				INFOPLIST_FILE = ChannelCutMonster/Info.plist;
				LD_RUNPATH_SEARCH_PATHS = "$(inherited) @executable_path/Frameworks";
				PRODUCT_BUNDLE_IDENTIFIER = com.yuma.ChannelCutMonster;
				PRODUCT_NAME = "$(TARGET_NAME)";
				PROVISIONING_PROFILE = "";
			};
			name = Release;
		};
/* End XCBuildConfiguration section */

/* Begin XCConfigurationList section */
		4B8996C31D545F8500A139E7 /* Build configuration list for PBXProject "ChannelCutMonster" */ = {
			isa = XCConfigurationList;
			buildConfigurations = (
				4B8996D81D545F8500A139E7 /* Debug */,
				4B8996D91D545F8500A139E7 /* Release */,
			);
			defaultConfigurationIsVisible = 0;
			defaultConfigurationName = Release;
		};
		4B8996DA1D545F8500A139E7 /* Build configuration list for PBXNativeTarget "ChannelCutMonster" */ = {
			isa = XCConfigurationList;
			buildConfigurations = (
				4B8996DB1D545F8500A139E7 /* Debug */,
				4B8996DC1D545F8500A139E7 /* Release */,
			);
			defaultConfigurationIsVisible = 0;
			defaultConfigurationName = Release;
		};
/* End XCConfigurationList section */
	};
	rootObject = 4B8996C01D545F8500A139E7 /* Project object */;
}
